PODS:
  - Flutter (1.0.0)
  - simple_audio_player (0.0.1):
    - Flutter

DEPENDENCIES:
  - Flutter (from `Flutter`)
  - simple_audio_player (from `.symlinks/plugins/simple_audio_player/ios`)

EXTERNAL SOURCES:
  Flutter:
    :path: Flutter
  simple_audio_player:
    :path: ".symlinks/plugins/simple_audio_player/ios"

SPEC CHECKSUMS:
  Flutter: 0e3d915762c693b495b44d77113d4970485de6ec
  simple_audio_player: d1a1694139f3b969df5ecdf3eb08fcd02fd1d771

PODFILE CHECKSUM: aafe91acc616949ddb318b77800a7f51bffa2a4c

COCOAPODS: 1.8.4
